
Microsoft Visual Studio Solution File, Format Version 12.00
# Visual Studio 14
VisualStudioVersion = 14.0.25420.1
MinimumVisualStudioVersion = 10.0.40219.1
Project("{FAE04EC0-301F-11D3-BF4B-00C04F79EFBC}") = "FirstEntityFreamworkApp", "FirstEntityFreamworkApp\FirstEntityFreamworkApp.csproj", "{B39DFE32-D8E9-49E6-90C7-A9A2A9BEAEF1}"
EndProject
Global
	GlobalSection(SolutionConfigurationPlatforms) = preSolution
		Debug|Any CPU = Debug|Any CPU
		Release|Any CPU = Release|Any CPU
	EndGlobalSection
	GlobalSection(ProjectConfigurationPlatforms) = postSolution
		{B39DFE32-D8E9-49E6-90C7-A9A2A9BEAEF1}.Debug|Any CPU.ActiveCfg = Debug|Any CPU
		{B39DFE32-D8E9-49E6-90C7-A9A2A9BEAEF1}.Debug|Any CPU.Build.0 = Debug|Any CPU
		{B39DFE32-D8E9-49E6-90C7-A9A2A9BEAEF1}.Release|Any CPU.ActiveCfg = Release|Any CPU
		{B39DFE32-D8E9-49E6-90C7-A9A2A9BEAEF1}.Release|Any CPU.Build.0 = Release|Any CPU
	EndGlobalSection
	GlobalSection(SolutionProperties) = preSolution
		HideSolutionNode = FALSE
	EndGlobalSection
EndGlobal
