
Microsoft Visual Studio Solution File, Format Version 12.00
# Visual Studio 14
VisualStudioVersion = 14.0.25420.1
MinimumVisualStudioVersion = 10.0.40219.1
Project("{FAE04EC0-301F-11D3-BF4B-00C04F79EFBC}") = "DataBase First", "FirstEntityFreamworkApp\DataBase First.csproj", "{B39DFE32-D8E9-49E6-90C7-A9A2A9BEAEF1}"
EndProject
Project("{FAE04EC0-301F-11D3-BF4B-00C04F79EFBC}") = "Model First", "Model First\Model First.csproj", "{60B5744B-4B37-43F7-84C9-7BEABF4AF72A}"
EndProject
Project("{FAE04EC0-301F-11D3-BF4B-00C04F79EFBC}") = "Code First", "Code First\Code First.csproj", "{84CA64A0-8CD5-463C-84D8-FA47661B7CF4}"
EndProject
Project("{FAE04EC0-301F-11D3-BF4B-00C04F79EFBC}") = "Code First Existing DB", "Code First Existing DB\Code First Existing DB.csproj", "{C154B694-D5DF-45BD-A548-0ECCDF03AA41}"
EndProject
Project("{FAE04EC0-301F-11D3-BF4B-00C04F79EFBC}") = "Relations", "Relations\Relations.csproj", "{F84BE5BD-8C4F-40ED-AB6F-70C79D0F8677}"
EndProject
Global
	GlobalSection(SolutionConfigurationPlatforms) = preSolution
		Debug|Any CPU = Debug|Any CPU
		Release|Any CPU = Release|Any CPU
	EndGlobalSection
	GlobalSection(ProjectConfigurationPlatforms) = postSolution
		{B39DFE32-D8E9-49E6-90C7-A9A2A9BEAEF1}.Debug|Any CPU.ActiveCfg = Debug|Any CPU
		{B39DFE32-D8E9-49E6-90C7-A9A2A9BEAEF1}.Debug|Any CPU.Build.0 = Debug|Any CPU
		{B39DFE32-D8E9-49E6-90C7-A9A2A9BEAEF1}.Release|Any CPU.ActiveCfg = Release|Any CPU
		{B39DFE32-D8E9-49E6-90C7-A9A2A9BEAEF1}.Release|Any CPU.Build.0 = Release|Any CPU
		{60B5744B-4B37-43F7-84C9-7BEABF4AF72A}.Debug|Any CPU.ActiveCfg = Debug|Any CPU
		{60B5744B-4B37-43F7-84C9-7BEABF4AF72A}.Debug|Any CPU.Build.0 = Debug|Any CPU
		{60B5744B-4B37-43F7-84C9-7BEABF4AF72A}.Release|Any CPU.ActiveCfg = Release|Any CPU
		{60B5744B-4B37-43F7-84C9-7BEABF4AF72A}.Release|Any CPU.Build.0 = Release|Any CPU
		{84CA64A0-8CD5-463C-84D8-FA47661B7CF4}.Debug|Any CPU.ActiveCfg = Debug|Any CPU
		{84CA64A0-8CD5-463C-84D8-FA47661B7CF4}.Debug|Any CPU.Build.0 = Debug|Any CPU
		{84CA64A0-8CD5-463C-84D8-FA47661B7CF4}.Release|Any CPU.ActiveCfg = Release|Any CPU
		{84CA64A0-8CD5-463C-84D8-FA47661B7CF4}.Release|Any CPU.Build.0 = Release|Any CPU
		{C154B694-D5DF-45BD-A548-0ECCDF03AA41}.Debug|Any CPU.ActiveCfg = Debug|Any CPU
		{C154B694-D5DF-45BD-A548-0ECCDF03AA41}.Debug|Any CPU.Build.0 = Debug|Any CPU
		{C154B694-D5DF-45BD-A548-0ECCDF03AA41}.Release|Any CPU.ActiveCfg = Release|Any CPU
		{C154B694-D5DF-45BD-A548-0ECCDF03AA41}.Release|Any CPU.Build.0 = Release|Any CPU
		{F84BE5BD-8C4F-40ED-AB6F-70C79D0F8677}.Debug|Any CPU.ActiveCfg = Debug|Any CPU
		{F84BE5BD-8C4F-40ED-AB6F-70C79D0F8677}.Debug|Any CPU.Build.0 = Debug|Any CPU
		{F84BE5BD-8C4F-40ED-AB6F-70C79D0F8677}.Release|Any CPU.ActiveCfg = Release|Any CPU
		{F84BE5BD-8C4F-40ED-AB6F-70C79D0F8677}.Release|Any CPU.Build.0 = Release|Any CPU
	EndGlobalSection
	GlobalSection(SolutionProperties) = preSolution
		HideSolutionNode = FALSE
	EndGlobalSection
EndGlobal
