
Microsoft Visual Studio Solution File, Format Version 12.00
# Visual Studio 14
VisualStudioVersion = 14.0.25420.1
MinimumVisualStudioVersion = 10.0.40219.1
Project("{FAE04EC0-301F-11D3-BF4B-00C04F79EFBC}") = "TestClientCRM", "TestClientCRM\TestClientCRM.csproj", "{03F8A7EF-1B8B-4D8E-A514-CD59F6709740}"
EndProject
Project("{FAE04EC0-301F-11D3-BF4B-00C04F79EFBC}") = "WebApitest3", "WebApitest3\WebApitest3.csproj", "{053F66D2-C9A4-41BC-822D-8F1CE239E4B0}"
EndProject
Global
	GlobalSection(SolutionConfigurationPlatforms) = preSolution
		Debug|Any CPU = Debug|Any CPU
		Release|Any CPU = Release|Any CPU
	EndGlobalSection
	GlobalSection(ProjectConfigurationPlatforms) = postSolution
		{03F8A7EF-1B8B-4D8E-A514-CD59F6709740}.Debug|Any CPU.ActiveCfg = Debug|Any CPU
		{03F8A7EF-1B8B-4D8E-A514-CD59F6709740}.Debug|Any CPU.Build.0 = Debug|Any CPU
		{03F8A7EF-1B8B-4D8E-A514-CD59F6709740}.Release|Any CPU.ActiveCfg = Release|Any CPU
		{03F8A7EF-1B8B-4D8E-A514-CD59F6709740}.Release|Any CPU.Build.0 = Release|Any CPU
		{053F66D2-C9A4-41BC-822D-8F1CE239E4B0}.Debug|Any CPU.ActiveCfg = Debug|Any CPU
		{053F66D2-C9A4-41BC-822D-8F1CE239E4B0}.Debug|Any CPU.Build.0 = Debug|Any CPU
		{053F66D2-C9A4-41BC-822D-8F1CE239E4B0}.Release|Any CPU.ActiveCfg = Release|Any CPU
		{053F66D2-C9A4-41BC-822D-8F1CE239E4B0}.Release|Any CPU.Build.0 = Release|Any CPU
	EndGlobalSection
	GlobalSection(SolutionProperties) = preSolution
		HideSolutionNode = FALSE
	EndGlobalSection
EndGlobal
